
Microsoft Visual Studio Solution File, Format Version 12.00
# Visual Studio Version 16
VisualStudioVersion = 16.0.30114.105
MinimumVisualStudioVersion = 10.0.40219.1
Project("{FAE04EC0-301F-11D3-BF4B-00C04F79EFBC}") = "w3bank.Domain", "w3bank.Domain\w3bank.Domain.csproj", "{1F833B43-5536-44F9-ACED-78DACC93F0DD}"
EndProject
Project("{FAE04EC0-301F-11D3-BF4B-00C04F79EFBC}") = "w3bank.Infra", "w3bank.Infra\w3bank.Infra.csproj", "{0D5F8138-29F9-4924-A35D-51ECFF70A1A7}"
EndProject
Project("{FAE04EC0-301F-11D3-BF4B-00C04F79EFBC}") = "w3bank.Api", "w3bank.Api\w3bank.Api.csproj", "{8FB74913-1670-4588-9A51-3454733B76A2}"
EndProject
Global
	GlobalSection(SolutionConfigurationPlatforms) = preSolution
		Debug|Any CPU = Debug|Any CPU
		Debug|x64 = Debug|x64
		Debug|x86 = Debug|x86
		Release|Any CPU = Release|Any CPU
		Release|x64 = Release|x64
		Release|x86 = Release|x86
	EndGlobalSection
	GlobalSection(SolutionProperties) = preSolution
		HideSolutionNode = FALSE
	EndGlobalSection
	GlobalSection(ProjectConfigurationPlatforms) = postSolution
		{1F833B43-5536-44F9-ACED-78DACC93F0DD}.Debug|Any CPU.ActiveCfg = Debug|Any CPU
		{1F833B43-5536-44F9-ACED-78DACC93F0DD}.Debug|Any CPU.Build.0 = Debug|Any CPU
		{1F833B43-5536-44F9-ACED-78DACC93F0DD}.Debug|x64.ActiveCfg = Debug|Any CPU
		{1F833B43-5536-44F9-ACED-78DACC93F0DD}.Debug|x64.Build.0 = Debug|Any CPU
		{1F833B43-5536-44F9-ACED-78DACC93F0DD}.Debug|x86.ActiveCfg = Debug|Any CPU
		{1F833B43-5536-44F9-ACED-78DACC93F0DD}.Debug|x86.Build.0 = Debug|Any CPU
		{1F833B43-5536-44F9-ACED-78DACC93F0DD}.Release|Any CPU.ActiveCfg = Release|Any CPU
		{1F833B43-5536-44F9-ACED-78DACC93F0DD}.Release|Any CPU.Build.0 = Release|Any CPU
		{1F833B43-5536-44F9-ACED-78DACC93F0DD}.Release|x64.ActiveCfg = Release|Any CPU
		{1F833B43-5536-44F9-ACED-78DACC93F0DD}.Release|x64.Build.0 = Release|Any CPU
		{1F833B43-5536-44F9-ACED-78DACC93F0DD}.Release|x86.ActiveCfg = Release|Any CPU
		{1F833B43-5536-44F9-ACED-78DACC93F0DD}.Release|x86.Build.0 = Release|Any CPU
		{0D5F8138-29F9-4924-A35D-51ECFF70A1A7}.Debug|Any CPU.ActiveCfg = Debug|Any CPU
		{0D5F8138-29F9-4924-A35D-51ECFF70A1A7}.Debug|Any CPU.Build.0 = Debug|Any CPU
		{0D5F8138-29F9-4924-A35D-51ECFF70A1A7}.Debug|x64.ActiveCfg = Debug|Any CPU
		{0D5F8138-29F9-4924-A35D-51ECFF70A1A7}.Debug|x64.Build.0 = Debug|Any CPU
		{0D5F8138-29F9-4924-A35D-51ECFF70A1A7}.Debug|x86.ActiveCfg = Debug|Any CPU
		{0D5F8138-29F9-4924-A35D-51ECFF70A1A7}.Debug|x86.Build.0 = Debug|Any CPU
		{0D5F8138-29F9-4924-A35D-51ECFF70A1A7}.Release|Any CPU.ActiveCfg = Release|Any CPU
		{0D5F8138-29F9-4924-A35D-51ECFF70A1A7}.Release|Any CPU.Build.0 = Release|Any CPU
		{0D5F8138-29F9-4924-A35D-51ECFF70A1A7}.Release|x64.ActiveCfg = Release|Any CPU
		{0D5F8138-29F9-4924-A35D-51ECFF70A1A7}.Release|x64.Build.0 = Release|Any CPU
		{0D5F8138-29F9-4924-A35D-51ECFF70A1A7}.Release|x86.ActiveCfg = Release|Any CPU
		{0D5F8138-29F9-4924-A35D-51ECFF70A1A7}.Release|x86.Build.0 = Release|Any CPU
		{8FB74913-1670-4588-9A51-3454733B76A2}.Debug|Any CPU.ActiveCfg = Debug|Any CPU
		{8FB74913-1670-4588-9A51-3454733B76A2}.Debug|Any CPU.Build.0 = Debug|Any CPU
		{8FB74913-1670-4588-9A51-3454733B76A2}.Debug|x64.ActiveCfg = Debug|Any CPU
		{8FB74913-1670-4588-9A51-3454733B76A2}.Debug|x64.Build.0 = Debug|Any CPU
		{8FB74913-1670-4588-9A51-3454733B76A2}.Debug|x86.ActiveCfg = Debug|Any CPU
		{8FB74913-1670-4588-9A51-3454733B76A2}.Debug|x86.Build.0 = Debug|Any CPU
		{8FB74913-1670-4588-9A51-3454733B76A2}.Release|Any CPU.ActiveCfg = Release|Any CPU
		{8FB74913-1670-4588-9A51-3454733B76A2}.Release|Any CPU.Build.0 = Release|Any CPU
		{8FB74913-1670-4588-9A51-3454733B76A2}.Release|x64.ActiveCfg = Release|Any CPU
		{8FB74913-1670-4588-9A51-3454733B76A2}.Release|x64.Build.0 = Release|Any CPU
		{8FB74913-1670-4588-9A51-3454733B76A2}.Release|x86.ActiveCfg = Release|Any CPU
		{8FB74913-1670-4588-9A51-3454733B76A2}.Release|x86.Build.0 = Release|Any CPU
	EndGlobalSection
EndGlobal
